
Microsoft Visual Studio Solution File, Format Version 12.00
# Visual Studio Version 17
VisualStudioVersion = 17.2.32616.157
MinimumVisualStudioVersion = 10.0.40219.1
Project("{FAE04EC0-301F-11D3-BF4B-00C04F79EFBC}") = "Logging_Streaming_Encoding", "Logging_Streaming_Encoding\Logging_Streaming_Encoding.csproj", "{7F35ECB3-15E7-4B8F-BA2E-1FB5B3589C3B}"
EndProject
Global
	GlobalSection(SolutionConfigurationPlatforms) = preSolution
		Debug|Any CPU = Debug|Any CPU
		Release|Any CPU = Release|Any CPU
	EndGlobalSection
	GlobalSection(ProjectConfigurationPlatforms) = postSolution
		{7F35ECB3-15E7-4B8F-BA2E-1FB5B3589C3B}.Debug|Any CPU.ActiveCfg = Debug|Any CPU
		{7F35ECB3-15E7-4B8F-BA2E-1FB5B3589C3B}.Debug|Any CPU.Build.0 = Debug|Any CPU
		{7F35ECB3-15E7-4B8F-BA2E-1FB5B3589C3B}.Release|Any CPU.ActiveCfg = Release|Any CPU
		{7F35ECB3-15E7-4B8F-BA2E-1FB5B3589C3B}.Release|Any CPU.Build.0 = Release|Any CPU
	EndGlobalSection
	GlobalSection(SolutionProperties) = preSolution
		HideSolutionNode = FALSE
	EndGlobalSection
	GlobalSection(ExtensibilityGlobals) = postSolution
		SolutionGuid = {FCE30636-BA7B-46B9-BBF4-2EFC5A8E08CE}
	EndGlobalSection
EndGlobal
