
Microsoft Visual Studio Solution File, Format Version 12.00
# Visual Studio Version 17
VisualStudioVersion = 17.2.32616.157
MinimumVisualStudioVersion = 10.0.40219.1
Project("{9A19103F-16F7-4668-BE54-9A1E7A4F7556}") = "OperatorsApp", "OperatorsApp\OperatorsApp.csproj", "{F7045B20-334D-4D73-A0B9-E58B425E3EAC}"
EndProject
Project("{9A19103F-16F7-4668-BE54-9A1E7A4F7556}") = "OperatorsControlFlowTests", "OperatorsControlFlowTests\OperatorsControlFlowTests.csproj", "{558E2064-1C99-479C-A07B-EF3B2D84FA5B}"
EndProject
Project("{9A19103F-16F7-4668-BE54-9A1E7A4F7556}") = "ControlFlowApp", "ControlFlowApp\ControlFlowApp.csproj", "{7EE4894A-4DF9-4EBC-A02E-557D61989EF7}"
EndProject
Global
	GlobalSection(SolutionConfigurationPlatforms) = preSolution
		Debug|Any CPU = Debug|Any CPU
		Release|Any CPU = Release|Any CPU
	EndGlobalSection
	GlobalSection(ProjectConfigurationPlatforms) = postSolution
		{F7045B20-334D-4D73-A0B9-E58B425E3EAC}.Debug|Any CPU.ActiveCfg = Debug|Any CPU
		{F7045B20-334D-4D73-A0B9-E58B425E3EAC}.Debug|Any CPU.Build.0 = Debug|Any CPU
		{F7045B20-334D-4D73-A0B9-E58B425E3EAC}.Release|Any CPU.ActiveCfg = Release|Any CPU
		{F7045B20-334D-4D73-A0B9-E58B425E3EAC}.Release|Any CPU.Build.0 = Release|Any CPU
		{558E2064-1C99-479C-A07B-EF3B2D84FA5B}.Debug|Any CPU.ActiveCfg = Debug|Any CPU
		{558E2064-1C99-479C-A07B-EF3B2D84FA5B}.Debug|Any CPU.Build.0 = Debug|Any CPU
		{558E2064-1C99-479C-A07B-EF3B2D84FA5B}.Release|Any CPU.ActiveCfg = Release|Any CPU
		{558E2064-1C99-479C-A07B-EF3B2D84FA5B}.Release|Any CPU.Build.0 = Release|Any CPU
		{7EE4894A-4DF9-4EBC-A02E-557D61989EF7}.Debug|Any CPU.ActiveCfg = Debug|Any CPU
		{7EE4894A-4DF9-4EBC-A02E-557D61989EF7}.Debug|Any CPU.Build.0 = Debug|Any CPU
		{7EE4894A-4DF9-4EBC-A02E-557D61989EF7}.Release|Any CPU.ActiveCfg = Release|Any CPU
		{7EE4894A-4DF9-4EBC-A02E-557D61989EF7}.Release|Any CPU.Build.0 = Release|Any CPU
	EndGlobalSection
	GlobalSection(SolutionProperties) = preSolution
		HideSolutionNode = FALSE
	EndGlobalSection
	GlobalSection(ExtensibilityGlobals) = postSolution
		SolutionGuid = {5367EE03-E5BB-40EF-84AB-01A8084644DC}
	EndGlobalSection
EndGlobal
