
Microsoft Visual Studio Solution File, Format Version 12.00
# Visual Studio Version 17
VisualStudioVersion = 17.2.32616.157
MinimumVisualStudioVersion = 10.0.40219.1
Project("{FAE04EC0-301F-11D3-BF4B-00C04F79EFBC}") = "ExceptionsApp", "ExceptionsApp\ExceptionsApp.csproj", "{40189D74-9D60-4BF0-8186-DD382C865FC9}"
EndProject
Project("{FAE04EC0-301F-11D3-BF4B-00C04F79EFBC}") = "ExceptionsDataTypesTests", "ExceptionsDataTypesTests\ExceptionsDataTypesTests.csproj", "{56B36C33-F250-4A5A-AC0E-D2E710FE4B5C}"
EndProject
Global
	GlobalSection(SolutionConfigurationPlatforms) = preSolution
		Debug|Any CPU = Debug|Any CPU
		Release|Any CPU = Release|Any CPU
	EndGlobalSection
	GlobalSection(ProjectConfigurationPlatforms) = postSolution
		{40189D74-9D60-4BF0-8186-DD382C865FC9}.Debug|Any CPU.ActiveCfg = Debug|Any CPU
		{40189D74-9D60-4BF0-8186-DD382C865FC9}.Debug|Any CPU.Build.0 = Debug|Any CPU
		{40189D74-9D60-4BF0-8186-DD382C865FC9}.Release|Any CPU.ActiveCfg = Release|Any CPU
		{40189D74-9D60-4BF0-8186-DD382C865FC9}.Release|Any CPU.Build.0 = Release|Any CPU
		{56B36C33-F250-4A5A-AC0E-D2E710FE4B5C}.Debug|Any CPU.ActiveCfg = Debug|Any CPU
		{56B36C33-F250-4A5A-AC0E-D2E710FE4B5C}.Debug|Any CPU.Build.0 = Debug|Any CPU
		{56B36C33-F250-4A5A-AC0E-D2E710FE4B5C}.Release|Any CPU.ActiveCfg = Release|Any CPU
		{56B36C33-F250-4A5A-AC0E-D2E710FE4B5C}.Release|Any CPU.Build.0 = Release|Any CPU
	EndGlobalSection
	GlobalSection(SolutionProperties) = preSolution
		HideSolutionNode = FALSE
	EndGlobalSection
	GlobalSection(ExtensibilityGlobals) = postSolution
		SolutionGuid = {D191D8BC-EA8F-44D0-9181-27EFB456E799}
	EndGlobalSection
EndGlobal
