
Microsoft Visual Studio Solution File, Format Version 12.00
# Visual Studio Version 17
VisualStudioVersion = 17.2.32616.157
MinimumVisualStudioVersion = 10.0.40219.1
Project("{FAE04EC0-301F-11D3-BF4B-00C04F79EFBC}") = "Katas", "Katas\Katas.csproj", "{DE79EB8A-98A8-46B4-BE15-DDF6A9F9521C}"
EndProject
Project("{FAE04EC0-301F-11D3-BF4B-00C04F79EFBC}") = "KatasTests", "KatasTests\KatasTests.csproj", "{D69B497E-5E57-4A7A-8022-DA8F4228F0E6}"
EndProject
Global
	GlobalSection(SolutionConfigurationPlatforms) = preSolution
		Debug|Any CPU = Debug|Any CPU
		Release|Any CPU = Release|Any CPU
	EndGlobalSection
	GlobalSection(ProjectConfigurationPlatforms) = postSolution
		{DE79EB8A-98A8-46B4-BE15-DDF6A9F9521C}.Debug|Any CPU.ActiveCfg = Debug|Any CPU
		{DE79EB8A-98A8-46B4-BE15-DDF6A9F9521C}.Debug|Any CPU.Build.0 = Debug|Any CPU
		{DE79EB8A-98A8-46B4-BE15-DDF6A9F9521C}.Release|Any CPU.ActiveCfg = Release|Any CPU
		{DE79EB8A-98A8-46B4-BE15-DDF6A9F9521C}.Release|Any CPU.Build.0 = Release|Any CPU
		{D69B497E-5E57-4A7A-8022-DA8F4228F0E6}.Debug|Any CPU.ActiveCfg = Debug|Any CPU
		{D69B497E-5E57-4A7A-8022-DA8F4228F0E6}.Debug|Any CPU.Build.0 = Debug|Any CPU
		{D69B497E-5E57-4A7A-8022-DA8F4228F0E6}.Release|Any CPU.ActiveCfg = Release|Any CPU
		{D69B497E-5E57-4A7A-8022-DA8F4228F0E6}.Release|Any CPU.Build.0 = Release|Any CPU
	EndGlobalSection
	GlobalSection(SolutionProperties) = preSolution
		HideSolutionNode = FALSE
	EndGlobalSection
	GlobalSection(ExtensibilityGlobals) = postSolution
		SolutionGuid = {F21AEC20-45F8-4592-8CAC-6E4BFC7128C1}
	EndGlobalSection
EndGlobal
