
Microsoft Visual Studio Solution File, Format Version 12.00
# Visual Studio Version 17
VisualStudioVersion = 17.2.32616.157
MinimumVisualStudioVersion = 10.0.40219.1
Project("{FAE04EC0-301F-11D3-BF4B-00C04F79EFBC}") = "BDD_Calculator", "BDD_Calculator\BDD_Calculator.csproj", "{C2FC32B9-7E58-4776-9A13-620BE99ECD98}"
EndProject
Project("{FAE04EC0-301F-11D3-BF4B-00C04F79EFBC}") = "CalculatorLib", "CalculatorLib\CalculatorLib.csproj", "{C4783940-1BF8-42E6-B3BD-11F7204CE8CA}"
EndProject
Global
	GlobalSection(SolutionConfigurationPlatforms) = preSolution
		Debug|Any CPU = Debug|Any CPU
		Release|Any CPU = Release|Any CPU
	EndGlobalSection
	GlobalSection(ProjectConfigurationPlatforms) = postSolution
		{C2FC32B9-7E58-4776-9A13-620BE99ECD98}.Debug|Any CPU.ActiveCfg = Debug|Any CPU
		{C2FC32B9-7E58-4776-9A13-620BE99ECD98}.Debug|Any CPU.Build.0 = Debug|Any CPU
		{C2FC32B9-7E58-4776-9A13-620BE99ECD98}.Release|Any CPU.ActiveCfg = Release|Any CPU
		{C2FC32B9-7E58-4776-9A13-620BE99ECD98}.Release|Any CPU.Build.0 = Release|Any CPU
		{C4783940-1BF8-42E6-B3BD-11F7204CE8CA}.Debug|Any CPU.ActiveCfg = Debug|Any CPU
		{C4783940-1BF8-42E6-B3BD-11F7204CE8CA}.Debug|Any CPU.Build.0 = Debug|Any CPU
		{C4783940-1BF8-42E6-B3BD-11F7204CE8CA}.Release|Any CPU.ActiveCfg = Release|Any CPU
		{C4783940-1BF8-42E6-B3BD-11F7204CE8CA}.Release|Any CPU.Build.0 = Release|Any CPU
	EndGlobalSection
	GlobalSection(SolutionProperties) = preSolution
		HideSolutionNode = FALSE
	EndGlobalSection
	GlobalSection(ExtensibilityGlobals) = postSolution
		SolutionGuid = {82EBBCB9-76D0-4C79-BEC0-85992F2AECC5}
	EndGlobalSection
EndGlobal
