
Microsoft Visual Studio Solution File, Format Version 12.00
# Visual Studio Version 17
VisualStudioVersion = 17.2.32616.157
MinimumVisualStudioVersion = 10.0.40219.1
Project("{FAE04EC0-301F-11D3-BF4B-00C04F79EFBC}") = "CodeToTest", "CodeToTest\CodeToTest.csproj", "{951A9E9C-E44C-40AB-8747-8810BBE038F3}"
EndProject
Project("{FAE04EC0-301F-11D3-BF4B-00C04F79EFBC}") = "UnitTests", "UnitTests\UnitTests.csproj", "{EE9D3820-8F2C-4D34-BFA1-08470EEAEBBC}"
EndProject
Global
	GlobalSection(SolutionConfigurationPlatforms) = preSolution
		Debug|Any CPU = Debug|Any CPU
		Release|Any CPU = Release|Any CPU
	EndGlobalSection
	GlobalSection(ProjectConfigurationPlatforms) = postSolution
		{951A9E9C-E44C-40AB-8747-8810BBE038F3}.Debug|Any CPU.ActiveCfg = Debug|Any CPU
		{951A9E9C-E44C-40AB-8747-8810BBE038F3}.Debug|Any CPU.Build.0 = Debug|Any CPU
		{951A9E9C-E44C-40AB-8747-8810BBE038F3}.Release|Any CPU.ActiveCfg = Release|Any CPU
		{951A9E9C-E44C-40AB-8747-8810BBE038F3}.Release|Any CPU.Build.0 = Release|Any CPU
		{EE9D3820-8F2C-4D34-BFA1-08470EEAEBBC}.Debug|Any CPU.ActiveCfg = Debug|Any CPU
		{EE9D3820-8F2C-4D34-BFA1-08470EEAEBBC}.Debug|Any CPU.Build.0 = Debug|Any CPU
		{EE9D3820-8F2C-4D34-BFA1-08470EEAEBBC}.Release|Any CPU.ActiveCfg = Release|Any CPU
		{EE9D3820-8F2C-4D34-BFA1-08470EEAEBBC}.Release|Any CPU.Build.0 = Release|Any CPU
	EndGlobalSection
	GlobalSection(SolutionProperties) = preSolution
		HideSolutionNode = FALSE
	EndGlobalSection
	GlobalSection(ExtensibilityGlobals) = postSolution
		SolutionGuid = {9FF60C2E-C78E-47FF-9FBE-DA5C2ADD0479}
	EndGlobalSection
EndGlobal
