
Microsoft Visual Studio Solution File, Format Version 12.00
# Visual Studio Version 17
VisualStudioVersion = 17.2.32616.157
MinimumVisualStudioVersion = 10.0.40219.1
Project("{FAE04EC0-301F-11D3-BF4B-00C04F79EFBC}") = "ComparingObjects", "ComparingObjects\ComparingObjects.csproj", "{F1FFAEDE-CE56-4009-9F5C-BDA27EBE395E}"
EndProject
Global
	GlobalSection(SolutionConfigurationPlatforms) = preSolution
		Debug|Any CPU = Debug|Any CPU
		Release|Any CPU = Release|Any CPU
	EndGlobalSection
	GlobalSection(ProjectConfigurationPlatforms) = postSolution
		{F1FFAEDE-CE56-4009-9F5C-BDA27EBE395E}.Debug|Any CPU.ActiveCfg = Debug|Any CPU
		{F1FFAEDE-CE56-4009-9F5C-BDA27EBE395E}.Debug|Any CPU.Build.0 = Debug|Any CPU
		{F1FFAEDE-CE56-4009-9F5C-BDA27EBE395E}.Release|Any CPU.ActiveCfg = Release|Any CPU
		{F1FFAEDE-CE56-4009-9F5C-BDA27EBE395E}.Release|Any CPU.Build.0 = Release|Any CPU
	EndGlobalSection
	GlobalSection(SolutionProperties) = preSolution
		HideSolutionNode = FALSE
	EndGlobalSection
	GlobalSection(ExtensibilityGlobals) = postSolution
		SolutionGuid = {556E1F23-2EAA-41C5-BEA9-2D3B48B9C796}
	EndGlobalSection
EndGlobal
