
Microsoft Visual Studio Solution File, Format Version 12.00
# Visual Studio Version 17
VisualStudioVersion = 17.2.32616.157
MinimumVisualStudioVersion = 10.0.40219.1
Project("{FAE04EC0-301F-11D3-BF4B-00C04F79EFBC}") = "RecursionFactorialApp", "RecursionFactorialApp\RecursionFactorialApp.csproj", "{F866B412-B131-4BBD-84DD-816AB325F915}"
EndProject
Global
	GlobalSection(SolutionConfigurationPlatforms) = preSolution
		Debug|Any CPU = Debug|Any CPU
		Release|Any CPU = Release|Any CPU
	EndGlobalSection
	GlobalSection(ProjectConfigurationPlatforms) = postSolution
		{F866B412-B131-4BBD-84DD-816AB325F915}.Debug|Any CPU.ActiveCfg = Debug|Any CPU
		{F866B412-B131-4BBD-84DD-816AB325F915}.Debug|Any CPU.Build.0 = Debug|Any CPU
		{F866B412-B131-4BBD-84DD-816AB325F915}.Release|Any CPU.ActiveCfg = Release|Any CPU
		{F866B412-B131-4BBD-84DD-816AB325F915}.Release|Any CPU.Build.0 = Release|Any CPU
	EndGlobalSection
	GlobalSection(SolutionProperties) = preSolution
		HideSolutionNode = FALSE
	EndGlobalSection
	GlobalSection(ExtensibilityGlobals) = postSolution
		SolutionGuid = {7809217E-5AA3-4C00-92C7-258F4D0BD395}
	EndGlobalSection
EndGlobal
