
Microsoft Visual Studio Solution File, Format Version 12.00
# Visual Studio Version 17
VisualStudioVersion = 17.2.32616.157
MinimumVisualStudioVersion = 10.0.40219.1
Project("{FAE04EC0-301F-11D3-BF4B-00C04F79EFBC}") = "SerialisationApp", "SerialisationApp\SerialisationApp.csproj", "{C461C091-3D40-46BC-8737-DE189965C2D1}"
EndProject
Global
	GlobalSection(SolutionConfigurationPlatforms) = preSolution
		Debug|Any CPU = Debug|Any CPU
		Release|Any CPU = Release|Any CPU
	EndGlobalSection
	GlobalSection(ProjectConfigurationPlatforms) = postSolution
		{C461C091-3D40-46BC-8737-DE189965C2D1}.Debug|Any CPU.ActiveCfg = Debug|Any CPU
		{C461C091-3D40-46BC-8737-DE189965C2D1}.Debug|Any CPU.Build.0 = Debug|Any CPU
		{C461C091-3D40-46BC-8737-DE189965C2D1}.Release|Any CPU.ActiveCfg = Release|Any CPU
		{C461C091-3D40-46BC-8737-DE189965C2D1}.Release|Any CPU.Build.0 = Release|Any CPU
	EndGlobalSection
	GlobalSection(SolutionProperties) = preSolution
		HideSolutionNode = FALSE
	EndGlobalSection
	GlobalSection(ExtensibilityGlobals) = postSolution
		SolutionGuid = {417CA8DB-134C-4BD6-932E-C985463DF9FF}
	EndGlobalSection
EndGlobal
