
Microsoft Visual Studio Solution File, Format Version 12.00
# Visual Studio Version 17
VisualStudioVersion = 17.2.32616.157
MinimumVisualStudioVersion = 10.0.40219.1
Project("{FAE04EC0-301F-11D3-BF4B-00C04F79EFBC}") = "SafariParkApp", "SafariParkApp\SafariParkApp.csproj", "{F718161B-80F8-42C7-B7B0-D4C57EB59AA1}"
EndProject
Project("{FAE04EC0-301F-11D3-BF4B-00C04F79EFBC}") = "SafariParkTest", "SafariParkTest\SafariParkTest.csproj", "{B7CEEB4A-7ACD-4C02-A290-993D5FB5BF32}"
EndProject
Global
	GlobalSection(SolutionConfigurationPlatforms) = preSolution
		Debug|Any CPU = Debug|Any CPU
		Release|Any CPU = Release|Any CPU
	EndGlobalSection
	GlobalSection(ProjectConfigurationPlatforms) = postSolution
		{F718161B-80F8-42C7-B7B0-D4C57EB59AA1}.Debug|Any CPU.ActiveCfg = Debug|Any CPU
		{F718161B-80F8-42C7-B7B0-D4C57EB59AA1}.Debug|Any CPU.Build.0 = Debug|Any CPU
		{F718161B-80F8-42C7-B7B0-D4C57EB59AA1}.Release|Any CPU.ActiveCfg = Release|Any CPU
		{F718161B-80F8-42C7-B7B0-D4C57EB59AA1}.Release|Any CPU.Build.0 = Release|Any CPU
		{B7CEEB4A-7ACD-4C02-A290-993D5FB5BF32}.Debug|Any CPU.ActiveCfg = Debug|Any CPU
		{B7CEEB4A-7ACD-4C02-A290-993D5FB5BF32}.Debug|Any CPU.Build.0 = Debug|Any CPU
		{B7CEEB4A-7ACD-4C02-A290-993D5FB5BF32}.Release|Any CPU.ActiveCfg = Release|Any CPU
		{B7CEEB4A-7ACD-4C02-A290-993D5FB5BF32}.Release|Any CPU.Build.0 = Release|Any CPU
	EndGlobalSection
	GlobalSection(SolutionProperties) = preSolution
		HideSolutionNode = FALSE
	EndGlobalSection
	GlobalSection(ExtensibilityGlobals) = postSolution
		SolutionGuid = {AFC263AA-E190-4BF5-932C-29A81DB30CAE}
	EndGlobalSection
EndGlobal
